
Microsoft Visual Studio Solution File, Format Version 12.00
# Visual Studio 15
VisualStudioVersion = 15.0.28307.645
MinimumVisualStudioVersion = 10.0.40219.1
Project("{2150E333-8FDC-42A3-9474-1A3956D46DE8}") = "01-UserInterface", "01-UserInterface", "{B28BEE76-04A7-4765-B008-954A0D382FE9}"
EndProject
Project("{FAE04EC0-301F-11D3-BF4B-00C04F79EFBC}") = "MesWebUI", "MesWebUI\MesWebUI.csproj", "{868D33C6-65F5-4B96-B3DC-40F14454EC7C}"
EndProject
Global
	GlobalSection(SolutionConfigurationPlatforms) = preSolution
		Debug|Any CPU = Debug|Any CPU
		Release|Any CPU = Release|Any CPU
	EndGlobalSection
	GlobalSection(ProjectConfigurationPlatforms) = postSolution
		{868D33C6-65F5-4B96-B3DC-40F14454EC7C}.Debug|Any CPU.ActiveCfg = Debug|Any CPU
		{868D33C6-65F5-4B96-B3DC-40F14454EC7C}.Debug|Any CPU.Build.0 = Debug|Any CPU
		{868D33C6-65F5-4B96-B3DC-40F14454EC7C}.Release|Any CPU.ActiveCfg = Release|Any CPU
		{868D33C6-65F5-4B96-B3DC-40F14454EC7C}.Release|Any CPU.Build.0 = Release|Any CPU
	EndGlobalSection
	GlobalSection(SolutionProperties) = preSolution
		HideSolutionNode = FALSE
	EndGlobalSection
	GlobalSection(NestedProjects) = preSolution
		{868D33C6-65F5-4B96-B3DC-40F14454EC7C} = {B28BEE76-04A7-4765-B008-954A0D382FE9}
	EndGlobalSection
	GlobalSection(ExtensibilityGlobals) = postSolution
		SolutionGuid = {3F604572-CD28-416C-A05F-8FBE89DA28E5}
	EndGlobalSection
EndGlobal
