
Microsoft Visual Studio Solution File, Format Version 12.00
# Visual Studio 15
VisualStudioVersion = 15.0.28307.645
MinimumVisualStudioVersion = 10.0.40219.1
Project("{2150E333-8FDC-42A3-9474-1A3956D46DE8}") = "01-UserInterface", "01-UserInterface", "{B28BEE76-04A7-4765-B008-954A0D382FE9}"
EndProject
Project("{FAE04EC0-301F-11D3-BF4B-00C04F79EFBC}") = "MesWebUI", "MesWebUI\MesWebUI.csproj", "{868D33C6-65F5-4B96-B3DC-40F14454EC7C}"
EndProject
Project("{2150E333-8FDC-42A3-9474-1A3956D46DE8}") = "05-Infrastructure", "05-Infrastructure", "{145F4923-EB35-4E7E-B3F8-1D8ECAF16AA5}"
EndProject
Project("{FAE04EC0-301F-11D3-BF4B-00C04F79EFBC}") = "Common", "Common\Common.csproj", "{BFCEF0A1-62A2-4EF4-895B-819479D8DF8D}"
EndProject
Project("{2150E333-8FDC-42A3-9474-1A3956D46DE8}") = "02-BusinessLogicLayer", "02-BusinessLogicLayer", "{D354F237-651D-4290-AC42-0546591D4119}"
EndProject
Project("{FAE04EC0-301F-11D3-BF4B-00C04F79EFBC}") = "BLL", "BLL\BLL.csproj", "{481B9336-EA4C-4857-B1A0-1A6E51C8E8CD}"
EndProject
Project("{2150E333-8FDC-42A3-9474-1A3956D46DE8}") = "03-DataAccessLayer", "03-DataAccessLayer", "{1792C099-6745-4A74-B965-4CABB998F46F}"
EndProject
Project("{FAE04EC0-301F-11D3-BF4B-00C04F79EFBC}") = "IDAL", "IDAL\IDAL.csproj", "{B6F5A600-4428-4519-B0CD-D0C47EC7424B}"
EndProject
Project("{2150E333-8FDC-42A3-9474-1A3956D46DE8}") = "04-Domain", "04-Domain", "{576D4214-EF2B-4E02-A8CC-97719FA3E285}"
EndProject
Project("{FAE04EC0-301F-11D3-BF4B-00C04F79EFBC}") = "Model", "Model\Model.csproj", "{B4AD5C4F-9589-4C7B-A5C1-F7DC187CD039}"
EndProject
Project("{FAE04EC0-301F-11D3-BF4B-00C04F79EFBC}") = "DALFactory", "DALFactory\DALFactory.csproj", "{2A5F341F-1699-427C-9717-351E5E77C86A}"
EndProject
Global
	GlobalSection(SolutionConfigurationPlatforms) = preSolution
		Debug|Any CPU = Debug|Any CPU
		Release|Any CPU = Release|Any CPU
	EndGlobalSection
	GlobalSection(ProjectConfigurationPlatforms) = postSolution
		{868D33C6-65F5-4B96-B3DC-40F14454EC7C}.Debug|Any CPU.ActiveCfg = Debug|Any CPU
		{868D33C6-65F5-4B96-B3DC-40F14454EC7C}.Debug|Any CPU.Build.0 = Debug|Any CPU
		{868D33C6-65F5-4B96-B3DC-40F14454EC7C}.Release|Any CPU.ActiveCfg = Release|Any CPU
		{868D33C6-65F5-4B96-B3DC-40F14454EC7C}.Release|Any CPU.Build.0 = Release|Any CPU
		{BFCEF0A1-62A2-4EF4-895B-819479D8DF8D}.Debug|Any CPU.ActiveCfg = Debug|Any CPU
		{BFCEF0A1-62A2-4EF4-895B-819479D8DF8D}.Debug|Any CPU.Build.0 = Debug|Any CPU
		{BFCEF0A1-62A2-4EF4-895B-819479D8DF8D}.Release|Any CPU.ActiveCfg = Release|Any CPU
		{BFCEF0A1-62A2-4EF4-895B-819479D8DF8D}.Release|Any CPU.Build.0 = Release|Any CPU
		{481B9336-EA4C-4857-B1A0-1A6E51C8E8CD}.Debug|Any CPU.ActiveCfg = Debug|Any CPU
		{481B9336-EA4C-4857-B1A0-1A6E51C8E8CD}.Debug|Any CPU.Build.0 = Debug|Any CPU
		{481B9336-EA4C-4857-B1A0-1A6E51C8E8CD}.Release|Any CPU.ActiveCfg = Release|Any CPU
		{481B9336-EA4C-4857-B1A0-1A6E51C8E8CD}.Release|Any CPU.Build.0 = Release|Any CPU
		{B6F5A600-4428-4519-B0CD-D0C47EC7424B}.Debug|Any CPU.ActiveCfg = Debug|Any CPU
		{B6F5A600-4428-4519-B0CD-D0C47EC7424B}.Debug|Any CPU.Build.0 = Debug|Any CPU
		{B6F5A600-4428-4519-B0CD-D0C47EC7424B}.Release|Any CPU.ActiveCfg = Release|Any CPU
		{B6F5A600-4428-4519-B0CD-D0C47EC7424B}.Release|Any CPU.Build.0 = Release|Any CPU
		{B4AD5C4F-9589-4C7B-A5C1-F7DC187CD039}.Debug|Any CPU.ActiveCfg = Debug|Any CPU
		{B4AD5C4F-9589-4C7B-A5C1-F7DC187CD039}.Debug|Any CPU.Build.0 = Debug|Any CPU
		{B4AD5C4F-9589-4C7B-A5C1-F7DC187CD039}.Release|Any CPU.ActiveCfg = Release|Any CPU
		{B4AD5C4F-9589-4C7B-A5C1-F7DC187CD039}.Release|Any CPU.Build.0 = Release|Any CPU
		{2A5F341F-1699-427C-9717-351E5E77C86A}.Debug|Any CPU.ActiveCfg = Debug|Any CPU
		{2A5F341F-1699-427C-9717-351E5E77C86A}.Debug|Any CPU.Build.0 = Debug|Any CPU
		{2A5F341F-1699-427C-9717-351E5E77C86A}.Release|Any CPU.ActiveCfg = Release|Any CPU
		{2A5F341F-1699-427C-9717-351E5E77C86A}.Release|Any CPU.Build.0 = Release|Any CPU
	EndGlobalSection
	GlobalSection(SolutionProperties) = preSolution
		HideSolutionNode = FALSE
	EndGlobalSection
	GlobalSection(NestedProjects) = preSolution
		{868D33C6-65F5-4B96-B3DC-40F14454EC7C} = {B28BEE76-04A7-4765-B008-954A0D382FE9}
		{BFCEF0A1-62A2-4EF4-895B-819479D8DF8D} = {145F4923-EB35-4E7E-B3F8-1D8ECAF16AA5}
		{481B9336-EA4C-4857-B1A0-1A6E51C8E8CD} = {D354F237-651D-4290-AC42-0546591D4119}
		{B6F5A600-4428-4519-B0CD-D0C47EC7424B} = {1792C099-6745-4A74-B965-4CABB998F46F}
		{B4AD5C4F-9589-4C7B-A5C1-F7DC187CD039} = {576D4214-EF2B-4E02-A8CC-97719FA3E285}
		{2A5F341F-1699-427C-9717-351E5E77C86A} = {1792C099-6745-4A74-B965-4CABB998F46F}
	EndGlobalSection
	GlobalSection(ExtensibilityGlobals) = postSolution
		SolutionGuid = {3F604572-CD28-416C-A05F-8FBE89DA28E5}
	EndGlobalSection
EndGlobal
